{
	"requires": true,
	"lockfileVersion": 1,
	"dependencies": {
		"inferno": {
			"version": "3.10.1",
			"resolved": "http://npme.walmart.com/inferno/-/inferno-3.10.1.tgz",
			"integrity": "sha512-Sm+Wi9TI9REIHsuUlWyCNVZMlk7vMRs2QFjMEfKPsj7p8be8wB+sl8T8jBU2T+2S3oKzbJdKmKNTxWeMjHdypA==",
			"requires": {
				"inferno-shared": "3.10.1",
				"inferno-vnode-flags": "3.10.1"
			}
		},
		"inferno-compat": {
			"version": "3.10.1",
			"resolved": "http://npme.walmart.com/inferno-compat/-/inferno-compat-3.10.1.tgz",
			"integrity": "sha512-kz3U65Ak5GeMAZ7jtUz29rlASKpIM1n3m+1fag0F7pgcYAEMUvfAxJJFiVPDW3lBCeRAR+LMbhdy4YuTNStlQA==",
			"requires": {
				"inferno": "3.10.1",
				"inferno-component": "3.10.1",
				"inferno-create-class": "3.10.1",
				"inferno-create-element": "3.10.1",
				"inferno-shared": "3.10.1",
				"inferno-transition-group": "2.1.1",
				"inferno-vnode-flags": "3.10.1",
				"rc-css-transition-group-modern": "2.1.6"
			}
		},
		"inferno-component": {
			"version": "3.10.1",
			"resolved": "http://npme.walmart.com/inferno-component/-/inferno-component-3.10.1.tgz",
			"integrity": "sha512-8tXc4XXx7U2P22NLd21g4TLR+jJ0X+KyeznodlGjWYzQ6A6uy5AXsDyfStZl8GxeNzq3otTrrSV5n5yPcVZI2Q==",
			"requires": {
				"inferno": "3.10.1",
				"inferno-shared": "3.10.1",
				"inferno-vnode-flags": "3.10.1"
			}
		},
		"inferno-create-class": {
			"version": "3.10.1",
			"resolved": "http://npme.walmart.com/inferno-create-class/-/inferno-create-class-3.10.1.tgz",
			"integrity": "sha512-dHVxcqhTFY6bGpdu6p/M8Hec1aHygqCSzcFCod8wowcxwJgKKlNJy2lvRD5BxaTQ8fDaUjxr78k0R/Rvfp1Tvg==",
			"requires": {
				"inferno-component": "3.10.1",
				"inferno-shared": "3.10.1"
			}
		},
		"inferno-create-element": {
			"version": "3.10.1",
			"resolved": "http://npme.walmart.com/inferno-create-element/-/inferno-create-element-3.10.1.tgz",
			"integrity": "sha512-1Sn6d+FknSIZSEyEeRqwT6E2DMZUhRBBZCW2c4IHYXECozLXMwR7IgIHkVDQwWBoyJABRFeZE2UbfQ/nyJDuqw==",
			"requires": {
				"inferno": "3.10.1",
				"inferno-component": "3.10.1",
				"inferno-shared": "3.10.1",
				"inferno-vnode-flags": "3.10.1"
			}
		},
		"inferno-shared": {
			"version": "3.10.1",
			"resolved": "http://npme.walmart.com/inferno-shared/-/inferno-shared-3.10.1.tgz",
			"integrity": "sha512-mzh4qmnQb23W5sdfsR6W93vSqNll7etLSMG4JhlzYXYn1e4zVcAqJRbeVISI3mTkU6nS4gJBHueZtSb1ORuuBw=="
		},
		"inferno-transition-group": {
			"version": "2.1.1",
			"resolved": "http://npme.walmart.com/inferno-transition-group/-/inferno-transition-group-2.1.1.tgz",
			"integrity": "sha512-2JjAvIfvYAx1KEq8pAR91+5xCpoIYb08vA38XFW6RICq1eqxUOe60ntjuDQJPJ2B8PYuMLFrwji6X5vcqkJ7aA==",
			"requires": {
				"inferno": "3.10.1",
				"inferno-component": "3.10.1"
			}
		},
		"inferno-vnode-flags": {
			"version": "3.10.1",
			"resolved": "http://npme.walmart.com/inferno-vnode-flags/-/inferno-vnode-flags-3.10.1.tgz",
			"integrity": "sha512-jqc6yiFy9ZcpDW+6I6cWQUrSXHjpfm2Fut5qLuuXxLwKdfLQUh68sWBHd+y9J+7gIm+0V1QZn4x5Jx4G3m1hPA=="
		},
		"rc-css-transition-group-modern": {
			"version": "2.1.6",
			"resolved": "http://npme.walmart.com/rc-css-transition-group-modern/-/rc-css-transition-group-modern-2.1.6.tgz",
			"integrity": "sha1-401jdSEQ7izPUYXNa6THdM/fG7c="
		}
	}
}
