{
	"requires": true,
	"lockfileVersion": 1,
	"dependencies": {
		"inferno": {
			"version": "3.9.0",
			"resolved": "http://npme.walmart.com/inferno/-/inferno-3.9.0.tgz",
			"integrity": "sha512-cmzEvClMLORDCulVyNo05P/+p70iR7/90lv1phhy7GiGpEwE+NIyIkyy3OICShN12dj3h2w4gIWxLxVCFMZG+Q==",
			"requires": {
				"inferno-shared": "3.9.0",
				"inferno-vnode-flags": "3.9.0"
			}
		},
		"inferno-compat": {
			"version": "3.9.0",
			"resolved": "http://npme.walmart.com/inferno-compat/-/inferno-compat-3.9.0.tgz",
			"integrity": "sha512-DRtJPoV1P5/KjphTKkUXmWhXB16quOaZX6TrjecmUk0dED7xADhQPOW+dKgR+h69+2i9MzfPAVljL3ktdyJANQ==",
			"requires": {
				"inferno": "3.9.0",
				"inferno-component": "3.9.0",
				"inferno-create-class": "3.9.0",
				"inferno-create-element": "3.9.0",
				"inferno-shared": "3.9.0",
				"inferno-transition-group": "2.1.1",
				"inferno-vnode-flags": "3.9.0",
				"rc-css-transition-group-modern": "2.1.6"
			}
		},
		"inferno-component": {
			"version": "3.9.0",
			"resolved": "http://npme.walmart.com/inferno-component/-/inferno-component-3.9.0.tgz",
			"integrity": "sha512-XIAXFgj8po5QWZ/SEEJ6lGFKd1gc+z05gCI/LMI/mk5mbMsMhA2qbgn8I1B9Z9q2cOKemtLGfxx9RFNdMNqGMQ==",
			"requires": {
				"inferno": "3.9.0",
				"inferno-shared": "3.9.0",
				"inferno-vnode-flags": "3.9.0"
			}
		},
		"inferno-create-class": {
			"version": "3.9.0",
			"resolved": "http://npme.walmart.com/inferno-create-class/-/inferno-create-class-3.9.0.tgz",
			"integrity": "sha512-HnfetoYjfiKVqU1yTeClrIxO1IXoEqyJx0IFXQ7brEiGOl1W5p6Wqd+lBekYUL90U2vFyG4jXY2uVyNLMxeGEA==",
			"requires": {
				"inferno-component": "3.9.0",
				"inferno-shared": "3.9.0"
			}
		},
		"inferno-create-element": {
			"version": "3.9.0",
			"resolved": "http://npme.walmart.com/inferno-create-element/-/inferno-create-element-3.9.0.tgz",
			"integrity": "sha512-ItuvYbna44OqKcqv6HnJR2iJLrSLg/9aWas1xj8O024ByRhkekBo9R+K6l32YCS2w9fmfWcjV6HEugku7GbAww==",
			"requires": {
				"inferno": "3.9.0",
				"inferno-component": "3.9.0",
				"inferno-shared": "3.9.0",
				"inferno-vnode-flags": "3.9.0"
			}
		},
		"inferno-shared": {
			"version": "3.9.0",
			"resolved": "http://npme.walmart.com/inferno-shared/-/inferno-shared-3.9.0.tgz",
			"integrity": "sha512-5A+zgapiYrRicI2Yg60XUFjoWSBqUflmyMYeUAYaGGKVvuBC73i8G/Gz40FSNMke/sW48ULzOU+7jNIPjbZr0w=="
		},
		"inferno-transition-group": {
			"version": "2.1.1",
			"resolved": "http://npme.walmart.com/inferno-transition-group/-/inferno-transition-group-2.1.1.tgz",
			"integrity": "sha512-2JjAvIfvYAx1KEq8pAR91+5xCpoIYb08vA38XFW6RICq1eqxUOe60ntjuDQJPJ2B8PYuMLFrwji6X5vcqkJ7aA==",
			"requires": {
				"inferno": "3.9.0",
				"inferno-component": "3.9.0"
			}
		},
		"inferno-vnode-flags": {
			"version": "3.9.0",
			"resolved": "http://npme.walmart.com/inferno-vnode-flags/-/inferno-vnode-flags-3.9.0.tgz",
			"integrity": "sha512-/WSTnZfagLmtev9mm/HDtpB14JdzIpXmRVTuPMJGxSX5ayw3cZNmPpFTBd4PvLhfIXCL9Tq38EgMNc+5gkuzLA=="
		},
		"rc-css-transition-group-modern": {
			"version": "2.1.6",
			"resolved": "http://npme.walmart.com/rc-css-transition-group-modern/-/rc-css-transition-group-modern-2.1.6.tgz",
			"integrity": "sha1-401jdSEQ7izPUYXNa6THdM/fG7c="
		}
	}
}
